
Microsoft Visual Studio Solution File, Format Version 12.00
# Visual Studio Version 17
VisualStudioVersion = 17.9.34728.123
MinimumVisualStudioVersion = 10.0.40219.1
Project("{FAE04EC0-301F-11D3-BF4B-00C04F79EFBC}") = "GoogleMapApp", "GoogleMapApp\GoogleMapApp.csproj", "{10CB7025-BFFE-44F1-9A81-22D875B604F1}"
EndProject
Global
	GlobalSection(SolutionConfigurationPlatforms) = preSolution
		Debug|Any CPU = Debug|Any CPU
		Release|Any CPU = Release|Any CPU
	EndGlobalSection
	GlobalSection(ProjectConfigurationPlatforms) = postSolution
		{10CB7025-BFFE-44F1-9A81-22D875B604F1}.Debug|Any CPU.ActiveCfg = Debug|Any CPU
		{10CB7025-BFFE-44F1-9A81-22D875B604F1}.Debug|Any CPU.Build.0 = Debug|Any CPU
		{10CB7025-BFFE-44F1-9A81-22D875B604F1}.Release|Any CPU.ActiveCfg = Release|Any CPU
		{10CB7025-BFFE-44F1-9A81-22D875B604F1}.Release|Any CPU.Build.0 = Release|Any CPU
	EndGlobalSection
	GlobalSection(SolutionProperties) = preSolution
		HideSolutionNode = FALSE
	EndGlobalSection
	GlobalSection(ExtensibilityGlobals) = postSolution
		SolutionGuid = {F08E87B6-C88C-43D8-92CF-514CB3E7F63A}
	EndGlobalSection
EndGlobal
